// Bun lockfile — text JSONC format (Bun 1.2+).
// Generated by Bun v1.2.x.  Edit with care.
// This file covers: workspace-basic + workspace-cross-reference patterns.
{
  "lockfileVersion": 1,

  // Monorepo layout: root workspace + two members (packages/core, packages/web).
  "workspaces": {
    // Root workspace — declares the two member paths only; no direct deps of its own.
    "": {
      "name": "bun-workspaces-probe",
    },

    // Workspace member: core — provides zod-based validation utilities.
    "packages/core": {
      "name": "core",
      "dependencies": {
        "zod": "^3.25.0",
      },
    },

    // Workspace member: web — depends on sibling "core" via workspace:* protocol.
    // workspace:* encodes a cross-reference to the LOCAL workspace member "core"
    // rather than an npm-registry lookup. Mend must resolve this to source: "local"
    // and NOT attempt a registry fetch for a package named "core".
    "packages/web": {
      "name": "web",
      "dependencies": {
        // workspace:* cross-reference — key pattern under test.
        // Bun stores the protocol verbatim in the workspace manifest entry
        // so that the lockfile's "packages" section can omit a registry entry
        // for "core" entirely.  Any tool that tries to look up "core" on npm
        // will get a 404 (the package is unpublished) — this is the Mend
        // failure mode documented in docs/BUN_COVERAGE_PLAN.md §4.
        "core": "workspace:*",
        "hono": "^4.12.0",
      },
    },
  },

  // packages: resolved registry entries for external (npm) deps only.
  // Local workspace members do NOT appear here; they are resolved via the
  // workspaces section above.
  // Tuple format: ["name@version", { metadata }, "integrity-hash"]
  "packages": {

    // zod — direct dep of packages/core; no runtime dependencies.
    "zod": ["zod@3.25.68", {}, "sha512-2APbrl2EQHZRaSvpUZNKWKAJNKwG9sNgDqmd+Y2o/C9UmsB2ClDwE9+/cfxPSkwQRV45T3XPNCrXM/scQ/0TTQ=="],

    // hono — direct dep of packages/web; no runtime dependencies.
    "hono": ["hono@4.12.18", {}, "sha512-RWzP96k/yv0PQfyXnWjs6zot20TqfpfsNXhOnev8d1InAxubW93L11/oNUc3tQqn2G0bSdAOBpX+2uDFHV7kdQ=="],
  },
}